Microsoft Visual Studio Solution File, Format Version 12.00
# Visual Studio Version 17
VisualStudioVersion = 17.14.37531.7
MinimumVisualStudioVersion = 10.0.40219.1
Project("{FAE04EC0-301F-11D3-BF4B-00C04F79EFBC}") = "Vistas_Usuarios", "Vistas_Usuarios.csproj", "{4D77AF7F-EA70-4157-9200-8F325A82504B}"
EndProject
Global
	GlobalSection(SolutionConfigurationPlatforms) = preSolution
		Debug|Any CPU = Debug|Any CPU
		Release|Any CPU = Release|Any CPU
	EndGlobalSection
	GlobalSection(ProjectConfigurationPlatforms) = postSolution
		{4D77AF7F-EA70-4157-9200-8F325A82504B}.Debug|Any CPU.ActiveCfg = Debug|Any CPU
		{4D77AF7F-EA70-4157-9200-8F325A82504B}.Debug|Any CPU.Build.0 = Debug|Any CPU
		{4D77AF7F-EA70-4157-9200-8F325A82504B}.Release|Any CPU.ActiveCfg = Release|Any CPU
		{4D77AF7F-EA70-4157-9200-8F325A82504B}.Release|Any CPU.Build.0 = Release|Any CPU
	EndGlobalSection
	GlobalSection(SolutionProperties) = preSolution
		HideSolutionNode = FALSE
	EndGlobalSection
	GlobalSection(ExtensibilityGlobals) = postSolution
		SolutionGuid = {3F71676F-ED74-4B7D-A627-AAE699A4E289}
	EndGlobalSection
EndGlobal
